{
  "name": "@moshaver/cmb-starter",
  "version": "0.1.0",
  "lockfileVersion": 3,
  "requires": true,
  "packages": {
    "": {
      "name": "@moshaver/cmb-starter",
      "version": "0.1.0",
      "dependencies": {
        "@moshaver/cmb-activity": "file:../activity",
        "@moshaver/cmb-auth": "file:../auth",
        "@moshaver/cmb-authorization": "file:../authorization",
        "@moshaver/cmb-data-transfer": "file:../data-transfer",
        "@moshaver/cmb-health": "file:../health",
        "@moshaver/cmb-identity": "file:../identity",
        "@moshaver/cmb-infrastructure": "file:../infrastructure",
        "@moshaver/cmb-kernel": "file:../kernel",
        "@moshaver/cmb-notifications": "file:../notifications",
        "@moshaver/cmb-persistence": "file:../persistence",
        "@moshaver/cmb-realtime": "file:../realtime",
        "@moshaver/cmb-system": "file:../system",
        "@moshaver/cmb-tenancy": "file:../tenancy"
      },
      "engines": {
        "node": ">=22.13.0 <23"
      }
    },
    "../activity": {
      "name": "@moshaver/cmb-activity",
      "version": "0.1.0",
      "dependencies": {
        "@moshaver/cmb-kernel": "file:../kernel"
      },
      "engines": {
        "node": ">=22.5.0 <23"
      }
    },
    "../auth": {
      "name": "@moshaver/cmb-auth",
      "version": "0.1.0",
      "dependencies": {
        "@moshaver/cmb-identity": "file:../identity",
        "@moshaver/cmb-kernel": "file:../kernel"
      },
      "engines": {
        "node": ">=22.5.0 <23"
      }
    },
    "../authorization": {
      "name": "@moshaver/cmb-authorization",
      "version": "0.1.0",
      "dependencies": {
        "@moshaver/cmb-identity": "file:../identity",
        "@moshaver/cmb-kernel": "file:../kernel",
        "@moshaver/cmb-tenancy": "file:../tenancy"
      },
      "engines": {
        "node": ">=22.5.0 <23"
      }
    },
    "../data-transfer": {
      "name": "@moshaver/cmb-data-transfer",
      "version": "0.1.0",
      "dependencies": {
        "@moshaver/cmb-kernel": "file:../kernel"
      },
      "engines": {
        "node": ">=22.5.0 <23"
      }
    },
    "../health": {
      "name": "@moshaver/cmb-health",
      "version": "0.1.0",
      "dependencies": {
        "@moshaver/cmb-kernel": "file:../kernel"
      },
      "engines": {
        "node": ">=22.5.0 <23"
      }
    },
    "../identity": {
      "name": "@moshaver/cmb-identity",
      "version": "0.1.0",
      "dependencies": {
        "@moshaver/cmb-kernel": "file:../kernel"
      },
      "engines": {
        "node": ">=22.5.0 <23"
      }
    },
    "../infrastructure": {
      "name": "@moshaver/cmb-infrastructure",
      "version": "0.1.0",
      "dependencies": {
        "@moshaver/cmb-health": "file:../health",
        "@moshaver/cmb-kernel": "file:../kernel"
      },
      "engines": {
        "node": ">=22.5.0 <23"
      }
    },
    "../kernel": {
      "name": "@moshaver/cmb-kernel",
      "version": "0.1.0",
      "engines": {
        "node": ">=22.5.0 <23"
      }
    },
    "../notifications": {
      "name": "@moshaver/cmb-notifications",
      "version": "0.1.0",
      "dependencies": {
        "@moshaver/cmb-kernel": "file:../kernel"
      },
      "engines": {
        "node": ">=22.5.0 <23"
      }
    },
    "../persistence": {
      "name": "@moshaver/cmb-persistence",
      "version": "0.1.0",
      "dependencies": {
        "@moshaver/cmb-kernel": "file:../kernel"
      },
      "engines": {
        "node": ">=22.5.0 <23"
      }
    },
    "../realtime": {
      "name": "@moshaver/cmb-realtime",
      "version": "0.1.0",
      "dependencies": {
        "@moshaver/cmb-kernel": "file:../kernel"
      },
      "engines": {
        "node": ">=22.5.0 <23"
      }
    },
    "../system": {
      "name": "@moshaver/cmb-system",
      "version": "0.1.0",
      "dependencies": {
        "@moshaver/cmb-kernel": "file:../kernel"
      },
      "engines": {
        "node": ">=22.5.0 <23"
      }
    },
    "../tenancy": {
      "name": "@moshaver/cmb-tenancy",
      "version": "0.1.0",
      "dependencies": {
        "@moshaver/cmb-kernel": "file:../kernel"
      },
      "engines": {
        "node": ">=22.5.0 <23"
      }
    },
    "node_modules/@moshaver/cmb-activity": {
      "resolved": "../activity",
      "link": true
    },
    "node_modules/@moshaver/cmb-auth": {
      "resolved": "../auth",
      "link": true
    },
    "node_modules/@moshaver/cmb-authorization": {
      "resolved": "../authorization",
      "link": true
    },
    "node_modules/@moshaver/cmb-data-transfer": {
      "resolved": "../data-transfer",
      "link": true
    },
    "node_modules/@moshaver/cmb-health": {
      "resolved": "../health",
      "link": true
    },
    "node_modules/@moshaver/cmb-identity": {
      "resolved": "../identity",
      "link": true
    },
    "node_modules/@moshaver/cmb-infrastructure": {
      "resolved": "../infrastructure",
      "link": true
    },
    "node_modules/@moshaver/cmb-kernel": {
      "resolved": "../kernel",
      "link": true
    },
    "node_modules/@moshaver/cmb-notifications": {
      "resolved": "../notifications",
      "link": true
    },
    "node_modules/@moshaver/cmb-persistence": {
      "resolved": "../persistence",
      "link": true
    },
    "node_modules/@moshaver/cmb-realtime": {
      "resolved": "../realtime",
      "link": true
    },
    "node_modules/@moshaver/cmb-system": {
      "resolved": "../system",
      "link": true
    },
    "node_modules/@moshaver/cmb-tenancy": {
      "resolved": "../tenancy",
      "link": true
    }
  }
}
